
Microsoft Visual Studio Solution File, Format Version 12.00
# Visual Studio Version 16
VisualStudioVersion = 16.0.32126.315
MinimumVisualStudioVersion = 10.0.40219.1
Project("{FAE04EC0-301F-11D3-BF4B-00C04F79EFBC}") = "TemplateTextEx", "TemplateTextEx\TemplateTextEx.csproj", "{49C207B9-618D-4090-8810-C6886CEF8140}"
EndProject
Global
	GlobalSection(SolutionConfigurationPlatforms) = preSolution
		Debug|Any CPU = Debug|Any CPU
		Release|Any CPU = Release|Any CPU
	EndGlobalSection
	GlobalSection(ProjectConfigurationPlatforms) = postSolution
		{49C207B9-618D-4090-8810-C6886CEF8140}.Debug|Any CPU.ActiveCfg = Debug|Any CPU
		{49C207B9-618D-4090-8810-C6886CEF8140}.Debug|Any CPU.Build.0 = Debug|Any CPU
		{49C207B9-618D-4090-8810-C6886CEF8140}.Release|Any CPU.ActiveCfg = Release|Any CPU
		{49C207B9-618D-4090-8810-C6886CEF8140}.Release|Any CPU.Build.0 = Release|Any CPU
	EndGlobalSection
	GlobalSection(SolutionProperties) = preSolution
		HideSolutionNode = FALSE
	EndGlobalSection
	GlobalSection(ExtensibilityGlobals) = postSolution
		SolutionGuid = {D45B651B-4608-4E5D-AF32-3B6B122BCD93}
	EndGlobalSection
EndGlobal
